
Microsoft Visual Studio Solution File, Format Version 12.00
# Visual Studio 15
Project("{FAE04EC0-301F-11D3-BF4B-00C04F79EFBC}") = "Assembly-CSharp", "Assembly-CSharp.csproj", "{D6CFB568-21B8-7EF3-413B-9B5D7FC2B713}"
EndProject
Project("{FAE04EC0-301F-11D3-BF4B-00C04F79EFBC}") = "SGResourcesClient", "SGResourcesClient.csproj", "{976F12CC-E953-1455-4A64-39E306CEA687}"
EndProject
Project("{FAE04EC0-301F-11D3-BF4B-00C04F79EFBC}") = "Assembly-CSharp-Editor", "Assembly-CSharp-Editor.csproj", "{5DC5667A-CC87-F22D-F98D-935B95D89C19}"
EndProject
Global
	GlobalSection(SolutionConfigurationPlatforms) = preSolution
		Debug|Any CPU = Debug|Any CPU
		Release|Any CPU = Release|Any CPU
	EndGlobalSection
	GlobalSection(ProjectConfigurationPlatforms) = postSolution
		{D6CFB568-21B8-7EF3-413B-9B5D7FC2B713}.Debug|Any CPU.ActiveCfg = Debug|Any CPU
		{D6CFB568-21B8-7EF3-413B-9B5D7FC2B713}.Debug|Any CPU.Build.0 = Debug|Any CPU
		{D6CFB568-21B8-7EF3-413B-9B5D7FC2B713}.Release|Any CPU.ActiveCfg = Release|Any CPU
		{D6CFB568-21B8-7EF3-413B-9B5D7FC2B713}.Release|Any CPU.Build.0 = Release|Any CPU
		{976F12CC-E953-1455-4A64-39E306CEA687}.Debug|Any CPU.ActiveCfg = Debug|Any CPU
		{976F12CC-E953-1455-4A64-39E306CEA687}.Debug|Any CPU.Build.0 = Debug|Any CPU
		{976F12CC-E953-1455-4A64-39E306CEA687}.Release|Any CPU.ActiveCfg = Release|Any CPU
		{976F12CC-E953-1455-4A64-39E306CEA687}.Release|Any CPU.Build.0 = Release|Any CPU
		{5DC5667A-CC87-F22D-F98D-935B95D89C19}.Debug|Any CPU.ActiveCfg = Debug|Any CPU
		{5DC5667A-CC87-F22D-F98D-935B95D89C19}.Debug|Any CPU.Build.0 = Debug|Any CPU
		{5DC5667A-CC87-F22D-F98D-935B95D89C19}.Release|Any CPU.ActiveCfg = Release|Any CPU
		{5DC5667A-CC87-F22D-F98D-935B95D89C19}.Release|Any CPU.Build.0 = Release|Any CPU
	EndGlobalSection
	GlobalSection(SolutionProperties) = preSolution
		HideSolutionNode = FALSE
	EndGlobalSection
EndGlobal
